
Microsoft Visual Studio Solution File, Format Version 12.00
# Visual Studio Version 16
VisualStudioVersion = 16.0.30413.136
MinimumVisualStudioVersion = 10.0.40219.1
Project("{2150E333-8FDC-42A3-9474-1A3956D46DE8}") = "CleanArch.Application", "CleanArch.Application", "{84DC6599-65DF-4AC5-B868-48DABBA1AC38}"
EndProject
Project("{2150E333-8FDC-42A3-9474-1A3956D46DE8}") = "CleanArch.Domain", "CleanArch.Domain", "{3A56C85C-ABD7-4B5E-90C5-F0A3059022B3}"
EndProject
Project("{2150E333-8FDC-42A3-9474-1A3956D46DE8}") = "CleanArch.Infra.Ioc", "CleanArch.Infra.Ioc", "{1AE10DF6-7EA0-426D-B90C-116E2346A59C}"
EndProject
Project("{2150E333-8FDC-42A3-9474-1A3956D46DE8}") = "CleanArch.Infra.Data", "CleanArch.Infra.Data", "{04809CAE-0055-4F74-AFA4-BDDA09CD506E}"
EndProject
Project("{2150E333-8FDC-42A3-9474-1A3956D46DE8}") = "CleanArch.UI.Mvc", "CleanArch.UI.Mvc", "{04842B50-5C11-46F8-A767-B341072297EB}"
EndProject
Project("{FAE04EC0-301F-11D3-BF4B-00C04F79EFBC}") = "CleanArch.Mvc", "CleanArch.Mvc\CleanArch.Mvc.csproj", "{1B314279-5BD2-4DCA-8378-A722B9B95AEA}"
EndProject
Global
	GlobalSection(SolutionConfigurationPlatforms) = preSolution
		Debug|Any CPU = Debug|Any CPU
		Release|Any CPU = Release|Any CPU
	EndGlobalSection
	GlobalSection(ProjectConfigurationPlatforms) = postSolution
		{1B314279-5BD2-4DCA-8378-A722B9B95AEA}.Debug|Any CPU.ActiveCfg = Debug|Any CPU
		{1B314279-5BD2-4DCA-8378-A722B9B95AEA}.Debug|Any CPU.Build.0 = Debug|Any CPU
		{1B314279-5BD2-4DCA-8378-A722B9B95AEA}.Release|Any CPU.ActiveCfg = Release|Any CPU
		{1B314279-5BD2-4DCA-8378-A722B9B95AEA}.Release|Any CPU.Build.0 = Release|Any CPU
	EndGlobalSection
	GlobalSection(SolutionProperties) = preSolution
		HideSolutionNode = FALSE
	EndGlobalSection
	GlobalSection(NestedProjects) = preSolution
		{1B314279-5BD2-4DCA-8378-A722B9B95AEA} = {04842B50-5C11-46F8-A767-B341072297EB}
	EndGlobalSection
	GlobalSection(ExtensibilityGlobals) = postSolution
		SolutionGuid = {87242856-343F-40CD-B272-70C17E2A07AB}
	EndGlobalSection
EndGlobal
